// !$*UTF8*$!
{
	archiveVersion = 1;
	classes = {
	};
	objectVersion = 56;
	objects = {

/* Begin PBXBuildFile section */
		8D004B2629101ED9002B0CA0 /* OptionalBinding.swift in Sources */ = {isa = PBXBuildFile; fileRef = 8D004B2529101ED9002B0CA0 /* OptionalBinding.swift */; };
		8D091202290CDE2800850332 /* MeasurementsApp.swift in Sources */ = {isa = PBXBuildFile; fileRef = 8D091201290CDE2800850332 /* MeasurementsApp.swift */; };
		8D091206290CDE2900850332 /* Assets.xcassets in Resources */ = {isa = PBXBuildFile; fileRef = 8D091205290CDE2900850332 /* Assets.xcassets */; };
		8D091209290CDE2900850332 /* Preview Assets.xcassets in Resources */ = {isa = PBXBuildFile; fileRef = 8D091208290CDE2900850332 /* Preview Assets.xcassets */; };
		8D09120B290CDE2900850332 /* DataController.swift in Sources */ = {isa = PBXBuildFile; fileRef = 8D09120A290CDE2900850332 /* DataController.swift */; };
		8D09120E290CDE2900850332 /* Measurements.xcdatamodeld in Sources */ = {isa = PBXBuildFile; fileRef = 8D09120C290CDE2900850332 /* Measurements.xcdatamodeld */; };
		8D091219290CDE2A00850332 /* MeasurementsTests.swift in Sources */ = {isa = PBXBuildFile; fileRef = 8D091218290CDE2A00850332 /* MeasurementsTests.swift */; };
		8D091223290CDE2A00850332 /* MeasurementsUITests.swift in Sources */ = {isa = PBXBuildFile; fileRef = 8D091222290CDE2A00850332 /* MeasurementsUITests.swift */; };
		8D091225290CDE2A00850332 /* MeasurementsUITestsLaunchTests.swift in Sources */ = {isa = PBXBuildFile; fileRef = 8D091224290CDE2A00850332 /* MeasurementsUITestsLaunchTests.swift */; };
		8D091241290CDE7C00850332 /* Models.swift in Sources */ = {isa = PBXBuildFile; fileRef = 8D091232290CDE7C00850332 /* Models.swift */; };
		8D091244290CDE7C00850332 /* UnitType.swift in Sources */ = {isa = PBXBuildFile; fileRef = 8D091235290CDE7C00850332 /* UnitType.swift */; };
		8D091246290CDE7C00850332 /* Settings.swift in Sources */ = {isa = PBXBuildFile; fileRef = 8D091237290CDE7C00850332 /* Settings.swift */; };
		8D091248290CDE7C00850332 /* CollectionsView.swift in Sources */ = {isa = PBXBuildFile; fileRef = 8D09123A290CDE7C00850332 /* CollectionsView.swift */; };
		8D091249290CDE7C00850332 /* CollectionView.swift in Sources */ = {isa = PBXBuildFile; fileRef = 8D09123B290CDE7C00850332 /* CollectionView.swift */; };
		8D09124A290CDE7C00850332 /* UnitSelectionView.swift in Sources */ = {isa = PBXBuildFile; fileRef = 8D09123C290CDE7C00850332 /* UnitSelectionView.swift */; };
		8D09124B290CDE7C00850332 /* ItemView.swift in Sources */ = {isa = PBXBuildFile; fileRef = 8D09123D290CDE7C00850332 /* ItemView.swift */; };
		8D09124C290CDE7C00850332 /* String+.swift in Sources */ = {isa = PBXBuildFile; fileRef = 8D09123F290CDE7C00850332 /* String+.swift */; };
		8D09124D290CDE7C00850332 /* Color.swift in Sources */ = {isa = PBXBuildFile; fileRef = 8D091240290CDE7C00850332 /* Color.swift */; };
		8D45ACC4291DB1CA0004411F /* UnitType+Style.swift in Sources */ = {isa = PBXBuildFile; fileRef = 8D45ACC3291DB1CA0004411F /* UnitType+Style.swift */; };
		8D45ACC6291DB23F0004411F /* UnitType+Dimension.swift in Sources */ = {isa = PBXBuildFile; fileRef = 8D45ACC5291DB23F0004411F /* UnitType+Dimension.swift */; };
		8D45ACC9291DF1C50004411F /* Measurement+CoreDataClass.swift in Sources */ = {isa = PBXBuildFile; fileRef = 8D45ACC7291DF1C50004411F /* Measurement+CoreDataClass.swift */; };
		8D45ACCA291DF1C50004411F /* Measurement+CoreDataProperties.swift in Sources */ = {isa = PBXBuildFile; fileRef = 8D45ACC8291DF1C50004411F /* Measurement+CoreDataProperties.swift */; };
		8D45ACCC291EF4F90004411F /* MeasurementRowView.swift in Sources */ = {isa = PBXBuildFile; fileRef = 8D45ACCB291EF4F90004411F /* MeasurementRowView.swift */; };
		8D7FF5C92926FB8400749EC6 /* CaseIterable+.swift in Sources */ = {isa = PBXBuildFile; fileRef = 8D7FF5C82926FB8400749EC6 /* CaseIterable+.swift */; };
		8D7FF5CB2927001D00749EC6 /* RoundSelectorView.swift in Sources */ = {isa = PBXBuildFile; fileRef = 8D7FF5CA2927001D00749EC6 /* RoundSelectorView.swift */; };
		8D8EA36C292EC49A00FC3B2E /* FractionSelectionView.swift in Sources */ = {isa = PBXBuildFile; fileRef = 8D8EA36B292EC49A00FC3B2E /* FractionSelectionView.swift */; };
		8DC04FB1292C88E5003B6038 /* Optional+.swift in Sources */ = {isa = PBXBuildFile; fileRef = 8DC04FB0292C88E5003B6038 /* Optional+.swift */; };
		8DE42A83290F7EC7002AE0EF /* ViewHelpers.swift in Sources */ = {isa = PBXBuildFile; fileRef = 8DE42A82290F7EC7002AE0EF /* ViewHelpers.swift */; };
/* End PBXBuildFile section */

/* Begin PBXContainerItemProxy section */
		8D091215290CDE2A00850332 /* PBXContainerItemProxy */ = {
			isa = PBXContainerItemProxy;
			containerPortal = 8D0911F6290CDE2800850332 /* Project object */;
			proxyType = 1;
			remoteGlobalIDString = 8D0911FD290CDE2800850332;
			remoteInfo = Measurements;
		};
		8D09121F290CDE2A00850332 /* PBXContainerItemProxy */ = {
			isa = PBXContainerItemProxy;
			containerPortal = 8D0911F6290CDE2800850332 /* Project object */;
			proxyType = 1;
			remoteGlobalIDString = 8D0911FD290CDE2800850332;
			remoteInfo = Measurements;
		};
/* End PBXContainerItemProxy section */

/* Begin PBXFileReference section */
		8D004B2529101ED9002B0CA0 /* OptionalBinding.swift */ = {isa = PBXFileReference; fileEncoding = 4; lastKnownFileType = sourcecode.swift; path = OptionalBinding.swift; sourceTree = "<group>"; };
		8D0911FE290CDE2800850332 /* Measurements.app */ = {isa = PBXFileReference; explicitFileType = wrapper.application; includeInIndex = 0; path = Measurements.app; sourceTree = BUILT_PRODUCTS_DIR; };
		8D091201290CDE2800850332 /* MeasurementsApp.swift */ = {isa = PBXFileReference; lastKnownFileType = sourcecode.swift; path = MeasurementsApp.swift; sourceTree = "<group>"; };
		8D091203290CDE2800850332 /* ContentView.swift */ = {isa = PBXFileReference; lastKnownFileType = sourcecode.swift; path = ContentView.swift; sourceTree = "<group>"; };
		8D091205290CDE2900850332 /* Assets.xcassets */ = {isa = PBXFileReference; lastKnownFileType = folder.assetcatalog; path = Assets.xcassets; sourceTree = "<group>"; };
		8D091208290CDE2900850332 /* Preview Assets.xcassets */ = {isa = PBXFileReference; lastKnownFileType = folder.assetcatalog; path = "Preview Assets.xcassets"; sourceTree = "<group>"; };
		8D09120A290CDE2900850332 /* DataController.swift */ = {isa = PBXFileReference; lastKnownFileType = sourcecode.swift; path = DataController.swift; sourceTree = "<group>"; };
		8D09120D290CDE2900850332 /* Measurements.xcdatamodel */ = {isa = PBXFileReference; lastKnownFileType = wrapper.xcdatamodel; path = Measurements.xcdatamodel; sourceTree = "<group>"; };
		8D09120F290CDE2900850332 /* Info.plist */ = {isa = PBXFileReference; lastKnownFileType = text.plist.xml; path = Info.plist; sourceTree = "<group>"; };
		8D091214290CDE2A00850332 /* MeasurementsTests.xctest */ = {isa = PBXFileReference; explicitFileType = wrapper.cfbundle; includeInIndex = 0; path = MeasurementsTests.xctest; sourceTree = BUILT_PRODUCTS_DIR; };
		8D091218290CDE2A00850332 /* MeasurementsTests.swift */ = {isa = PBXFileReference; lastKnownFileType = sourcecode.swift; path = MeasurementsTests.swift; sourceTree = "<group>"; };
		8D09121E290CDE2A00850332 /* MeasurementsUITests.xctest */ = {isa = PBXFileReference; explicitFileType = wrapper.cfbundle; includeInIndex = 0; path = MeasurementsUITests.xctest; sourceTree = BUILT_PRODUCTS_DIR; };
		8D091222290CDE2A00850332 /* MeasurementsUITests.swift */ = {isa = PBXFileReference; lastKnownFileType = sourcecode.swift; path = MeasurementsUITests.swift; sourceTree = "<group>"; };
		8D091224290CDE2A00850332 /* MeasurementsUITestsLaunchTests.swift */ = {isa = PBXFileReference; lastKnownFileType = sourcecode.swift; path = MeasurementsUITestsLaunchTests.swift; sourceTree = "<group>"; };
		8D091232290CDE7C00850332 /* Models.swift */ = {isa = PBXFileReference; fileEncoding = 4; lastKnownFileType = sourcecode.swift; path = Models.swift; sourceTree = "<group>"; };
		8D091235290CDE7C00850332 /* UnitType.swift */ = {isa = PBXFileReference; fileEncoding = 4; lastKnownFileType = sourcecode.swift; path = UnitType.swift; sourceTree = "<group>"; };
		8D091237290CDE7C00850332 /* Settings.swift */ = {isa = PBXFileReference; fileEncoding = 4; lastKnownFileType = sourcecode.swift; path = Settings.swift; sourceTree = "<group>"; };
		8D09123A290CDE7C00850332 /* CollectionsView.swift */ = {isa = PBXFileReference; fileEncoding = 4; lastKnownFileType = sourcecode.swift; path = CollectionsView.swift; sourceTree = "<group>"; };
		8D09123B290CDE7C00850332 /* CollectionView.swift */ = {isa = PBXFileReference; fileEncoding = 4; lastKnownFileType = sourcecode.swift; path = CollectionView.swift; sourceTree = "<group>"; };
		8D09123C290CDE7C00850332 /* UnitSelectionView.swift */ = {isa = PBXFileReference; fileEncoding = 4; lastKnownFileType = sourcecode.swift; path = UnitSelectionView.swift; sourceTree = "<group>"; };
		8D09123D290CDE7C00850332 /* ItemView.swift */ = {isa = PBXFileReference; fileEncoding = 4; lastKnownFileType = sourcecode.swift; path = ItemView.swift; sourceTree = "<group>"; };
		8D09123F290CDE7C00850332 /* String+.swift */ = {isa = PBXFileReference; fileEncoding = 4; lastKnownFileType = sourcecode.swift; path = "String+.swift"; sourceTree = "<group>"; };
		8D091240290CDE7C00850332 /* Color.swift */ = {isa = PBXFileReference; fileEncoding = 4; lastKnownFileType = sourcecode.swift; path = Color.swift; sourceTree = "<group>"; };
		8D45ACC3291DB1CA0004411F /* UnitType+Style.swift */ = {isa = PBXFileReference; lastKnownFileType = sourcecode.swift; path = "UnitType+Style.swift"; sourceTree = "<group>"; };
		8D45ACC5291DB23F0004411F /* UnitType+Dimension.swift */ = {isa = PBXFileReference; lastKnownFileType = sourcecode.swift; path = "UnitType+Dimension.swift"; sourceTree = "<group>"; };
		8D45ACC7291DF1C50004411F /* Measurement+CoreDataClass.swift */ = {isa = PBXFileReference; lastKnownFileType = sourcecode.swift; path = "Measurement+CoreDataClass.swift"; sourceTree = "<group>"; };
		8D45ACC8291DF1C50004411F /* Measurement+CoreDataProperties.swift */ = {isa = PBXFileReference; lastKnownFileType = sourcecode.swift; path = "Measurement+CoreDataProperties.swift"; sourceTree = "<group>"; };
		8D45ACCB291EF4F90004411F /* MeasurementRowView.swift */ = {isa = PBXFileReference; lastKnownFileType = sourcecode.swift; path = MeasurementRowView.swift; sourceTree = "<group>"; };
		8D7FF5C82926FB8400749EC6 /* CaseIterable+.swift */ = {isa = PBXFileReference; lastKnownFileType = sourcecode.swift; path = "CaseIterable+.swift"; sourceTree = "<group>"; };
		8D7FF5CA2927001D00749EC6 /* RoundSelectorView.swift */ = {isa = PBXFileReference; lastKnownFileType = sourcecode.swift; path = RoundSelectorView.swift; sourceTree = "<group>"; };
		8D8EA36B292EC49A00FC3B2E /* FractionSelectionView.swift */ = {isa = PBXFileReference; lastKnownFileType = sourcecode.swift; path = FractionSelectionView.swift; sourceTree = "<group>"; };
		8DC04FB0292C88E5003B6038 /* Optional+.swift */ = {isa = PBXFileReference; fileEncoding = 4; lastKnownFileType = sourcecode.swift; path = "Optional+.swift"; sourceTree = "<group>"; };
		8DE42A82290F7EC7002AE0EF /* ViewHelpers.swift */ = {isa = PBXFileReference; lastKnownFileType = sourcecode.swift; path = ViewHelpers.swift; sourceTree = "<group>"; };
/* End PBXFileReference section */

/* Begin PBXFrameworksBuildPhase section */
		8D0911FB290CDE2800850332 /* Frameworks */ = {
			isa = PBXFrameworksBuildPhase;
			buildActionMask = 2147483647;
			files = (
			);
			runOnlyForDeploymentPostprocessing = 0;
		};
		8D091211290CDE2A00850332 /* Frameworks */ = {
			isa = PBXFrameworksBuildPhase;
			buildActionMask = 2147483647;
			files = (
			);
			runOnlyForDeploymentPostprocessing = 0;
		};
		8D09121B290CDE2A00850332 /* Frameworks */ = {
			isa = PBXFrameworksBuildPhase;
			buildActionMask = 2147483647;
			files = (
			);
			runOnlyForDeploymentPostprocessing = 0;
		};
/* End PBXFrameworksBuildPhase section */

/* Begin PBXGroup section */
		8D0911F5290CDE2800850332 = {
			isa = PBXGroup;
			children = (
				8D091200290CDE2800850332 /* Measurements */,
				8D091217290CDE2A00850332 /* MeasurementsTests */,
				8D091221290CDE2A00850332 /* MeasurementsUITests */,
				8D0911FF290CDE2800850332 /* Products */,
			);
			sourceTree = "<group>";
		};
		8D0911FF290CDE2800850332 /* Products */ = {
			isa = PBXGroup;
			children = (
				8D0911FE290CDE2800850332 /* Measurements.app */,
				8D091214290CDE2A00850332 /* MeasurementsTests.xctest */,
				8D09121E290CDE2A00850332 /* MeasurementsUITests.xctest */,
			);
			name = Products;
			sourceTree = "<group>";
		};
		8D091200290CDE2800850332 /* Measurements */ = {
			isa = PBXGroup;
			children = (
				8D091201290CDE2800850332 /* MeasurementsApp.swift */,
				8D091203290CDE2800850332 /* ContentView.swift */,
				8D091205290CDE2900850332 /* Assets.xcassets */,
				8D091239290CDE7C00850332 /* Views */,
				8D091231290CDE7C00850332 /* Models */,
				8D09123E290CDE7C00850332 /* Utility */,
				8D09120F290CDE2900850332 /* Info.plist */,
				8D091207290CDE2900850332 /* Preview Content */,
			);
			path = Measurements;
			sourceTree = "<group>";
		};
		8D091207290CDE2900850332 /* Preview Content */ = {
			isa = PBXGroup;
			children = (
				8D091208290CDE2900850332 /* Preview Assets.xcassets */,
			);
			path = "Preview Content";
			sourceTree = "<group>";
		};
		8D091217290CDE2A00850332 /* MeasurementsTests */ = {
			isa = PBXGroup;
			children = (
				8D091218290CDE2A00850332 /* MeasurementsTests.swift */,
			);
			path = MeasurementsTests;
			sourceTree = "<group>";
		};
		8D091221290CDE2A00850332 /* MeasurementsUITests */ = {
			isa = PBXGroup;
			children = (
				8D091222290CDE2A00850332 /* MeasurementsUITests.swift */,
				8D091224290CDE2A00850332 /* MeasurementsUITestsLaunchTests.swift */,
			);
			path = MeasurementsUITests;
			sourceTree = "<group>";
		};
		8D091231290CDE7C00850332 /* Models */ = {
			isa = PBXGroup;
			children = (
				8D09120A290CDE2900850332 /* DataController.swift */,
				8D09120C290CDE2900850332 /* Measurements.xcdatamodeld */,
				8DE42A81290CE7C0002AE0EF /* Units */,
				8D091232290CDE7C00850332 /* Models.swift */,
				8D091237290CDE7C00850332 /* Settings.swift */,
				8D45ACC7291DF1C50004411F /* Measurement+CoreDataClass.swift */,
				8D45ACC8291DF1C50004411F /* Measurement+CoreDataProperties.swift */,
			);
			path = Models;
			sourceTree = "<group>";
		};
		8D091239290CDE7C00850332 /* Views */ = {
			isa = PBXGroup;
			children = (
				8D09123A290CDE7C00850332 /* CollectionsView.swift */,
				8D09123B290CDE7C00850332 /* CollectionView.swift */,
				8D09123D290CDE7C00850332 /* ItemView.swift */,
				8D7FF5CA2927001D00749EC6 /* RoundSelectorView.swift */,
				8D45ACCB291EF4F90004411F /* MeasurementRowView.swift */,
				8D09123C290CDE7C00850332 /* UnitSelectionView.swift */,
				8DE42A82290F7EC7002AE0EF /* ViewHelpers.swift */,
				8D8EA36B292EC49A00FC3B2E /* FractionSelectionView.swift */,
			);
			path = Views;
			sourceTree = "<group>";
		};
		8D09123E290CDE7C00850332 /* Utility */ = {
			isa = PBXGroup;
			children = (
				8D09123F290CDE7C00850332 /* String+.swift */,
				8D091240290CDE7C00850332 /* Color.swift */,
				8D004B2529101ED9002B0CA0 /* OptionalBinding.swift */,
				8DC04FB0292C88E5003B6038 /* Optional+.swift */,
				8D7FF5C82926FB8400749EC6 /* CaseIterable+.swift */,
			);
			path = Utility;
			sourceTree = "<group>";
		};
		8DE42A81290CE7C0002AE0EF /* Units */ = {
			isa = PBXGroup;
			children = (
				8D091235290CDE7C00850332 /* UnitType.swift */,
				8D45ACC5291DB23F0004411F /* UnitType+Dimension.swift */,
				8D45ACC3291DB1CA0004411F /* UnitType+Style.swift */,
			);
			path = Units;
			sourceTree = "<group>";
		};
/* End PBXGroup section */

/* Begin PBXNativeTarget section */
		8D0911FD290CDE2800850332 /* Measurements */ = {
			isa = PBXNativeTarget;
			buildConfigurationList = 8D091228290CDE2A00850332 /* Build configuration list for PBXNativeTarget "Measurements" */;
			buildPhases = (
				8D0911FA290CDE2800850332 /* Sources */,
				8D0911FB290CDE2800850332 /* Frameworks */,
				8D0911FC290CDE2800850332 /* Resources */,
			);
			buildRules = (
			);
			dependencies = (
			);
			name = Measurements;
			productName = Measurements;
			productReference = 8D0911FE290CDE2800850332 /* Measurements.app */;
			productType = "com.apple.product-type.application";
		};
		8D091213290CDE2A00850332 /* MeasurementsTests */ = {
			isa = PBXNativeTarget;
			buildConfigurationList = 8D09122B290CDE2A00850332 /* Build configuration list for PBXNativeTarget "MeasurementsTests" */;
			buildPhases = (
				8D091210290CDE2A00850332 /* Sources */,
				8D091211290CDE2A00850332 /* Frameworks */,
				8D091212290CDE2A00850332 /* Resources */,
			);
			buildRules = (
			);
			dependencies = (
				8D091216290CDE2A00850332 /* PBXTargetDependency */,
			);
			name = MeasurementsTests;
			productName = MeasurementsTests;
			productReference = 8D091214290CDE2A00850332 /* MeasurementsTests.xctest */;
			productType = "com.apple.product-type.bundle.unit-test";
		};
		8D09121D290CDE2A00850332 /* MeasurementsUITests */ = {
			isa = PBXNativeTarget;
			buildConfigurationList = 8D09122E290CDE2A00850332 /* Build configuration list for PBXNativeTarget "MeasurementsUITests" */;
			buildPhases = (
				8D09121A290CDE2A00850332 /* Sources */,
				8D09121B290CDE2A00850332 /* Frameworks */,
				8D09121C290CDE2A00850332 /* Resources */,
			);
			buildRules = (
			);
			dependencies = (
				8D091220290CDE2A00850332 /* PBXTargetDependency */,
			);
			name = MeasurementsUITests;
			productName = MeasurementsUITests;
			productReference = 8D09121E290CDE2A00850332 /* MeasurementsUITests.xctest */;
			productType = "com.apple.product-type.bundle.ui-testing";
		};
/* End PBXNativeTarget section */

/* Begin PBXProject section */
		8D0911F6290CDE2800850332 /* Project object */ = {
			isa = PBXProject;
			attributes = {
				BuildIndependentTargetsInParallel = 1;
				LastSwiftUpdateCheck = 1400;
				LastUpgradeCheck = 1400;
				TargetAttributes = {
					8D0911FD290CDE2800850332 = {
						CreatedOnToolsVersion = 14.0;
					};
					8D091213290CDE2A00850332 = {
						CreatedOnToolsVersion = 14.0;
						TestTargetID = 8D0911FD290CDE2800850332;
					};
					8D09121D290CDE2A00850332 = {
						CreatedOnToolsVersion = 14.0;
						TestTargetID = 8D0911FD290CDE2800850332;
					};
				};
			};
			buildConfigurationList = 8D0911F9290CDE2800850332 /* Build configuration list for PBXProject "Measurements" */;
			compatibilityVersion = "Xcode 14.0";
			developmentRegion = en;
			hasScannedForEncodings = 0;
			knownRegions = (
				en,
				Base,
			);
			mainGroup = 8D0911F5290CDE2800850332;
			productRefGroup = 8D0911FF290CDE2800850332 /* Products */;
			projectDirPath = "";
			projectRoot = "";
			targets = (
				8D0911FD290CDE2800850332 /* Measurements */,
				8D091213290CDE2A00850332 /* MeasurementsTests */,
				8D09121D290CDE2A00850332 /* MeasurementsUITests */,
			);
		};
/* End PBXProject section */

/* Begin PBXResourcesBuildPhase section */
		8D0911FC290CDE2800850332 /* Resources */ = {
			isa = PBXResourcesBuildPhase;
			buildActionMask = 2147483647;
			files = (
				8D091209290CDE2900850332 /* Preview Assets.xcassets in Resources */,
				8D091206290CDE2900850332 /* Assets.xcassets in Resources */,
			);
			runOnlyForDeploymentPostprocessing = 0;
		};
		8D091212290CDE2A00850332 /* Resources */ = {
			isa = PBXResourcesBuildPhase;
			buildActionMask = 2147483647;
			files = (
			);
			runOnlyForDeploymentPostprocessing = 0;
		};
		8D09121C290CDE2A00850332 /* Resources */ = {
			isa = PBXResourcesBuildPhase;
			buildActionMask = 2147483647;
			files = (
			);
			runOnlyForDeploymentPostprocessing = 0;
		};
/* End PBXResourcesBuildPhase section */

/* Begin PBXSourcesBuildPhase section */
		8D0911FA290CDE2800850332 /* Sources */ = {
			isa = PBXSourcesBuildPhase;
			buildActionMask = 2147483647;
			files = (
				8D09120B290CDE2900850332 /* DataController.swift in Sources */,
				8D004B2629101ED9002B0CA0 /* OptionalBinding.swift in Sources */,
				8D8EA36C292EC49A00FC3B2E /* FractionSelectionView.swift in Sources */,
				8D45ACC6291DB23F0004411F /* UnitType+Dimension.swift in Sources */,
				8D091241290CDE7C00850332 /* Models.swift in Sources */,
				8D091248290CDE7C00850332 /* CollectionsView.swift in Sources */,
				8D45ACCC291EF4F90004411F /* MeasurementRowView.swift in Sources */,
				8DE42A83290F7EC7002AE0EF /* ViewHelpers.swift in Sources */,
				8D09124D290CDE7C00850332 /* Color.swift in Sources */,
				8D7FF5C92926FB8400749EC6 /* CaseIterable+.swift in Sources */,
				8D45ACC9291DF1C50004411F /* Measurement+CoreDataClass.swift in Sources */,
				8D091249290CDE7C00850332 /* CollectionView.swift in Sources */,
				8D091246290CDE7C00850332 /* Settings.swift in Sources */,
				8D09124B290CDE7C00850332 /* ItemView.swift in Sources */,
				8D45ACCA291DF1C50004411F /* Measurement+CoreDataProperties.swift in Sources */,
				8D091244290CDE7C00850332 /* UnitType.swift in Sources */,
				8D7FF5CB2927001D00749EC6 /* RoundSelectorView.swift in Sources */,
				8D09124C290CDE7C00850332 /* String+.swift in Sources */,
				8DC04FB1292C88E5003B6038 /* Optional+.swift in Sources */,
				8D45ACC4291DB1CA0004411F /* UnitType+Style.swift in Sources */,
				8D09124A290CDE7C00850332 /* UnitSelectionView.swift in Sources */,
				8D09120E290CDE2900850332 /* Measurements.xcdatamodeld in Sources */,
				8D091202290CDE2800850332 /* MeasurementsApp.swift in Sources */,
			);
			runOnlyForDeploymentPostprocessing = 0;
		};
		8D091210290CDE2A00850332 /* Sources */ = {
			isa = PBXSourcesBuildPhase;
			buildActionMask = 2147483647;
			files = (
				8D091219290CDE2A00850332 /* MeasurementsTests.swift in Sources */,
			);
			runOnlyForDeploymentPostprocessing = 0;
		};
		8D09121A290CDE2A00850332 /* Sources */ = {
			isa = PBXSourcesBuildPhase;
			buildActionMask = 2147483647;
			files = (
				8D091223290CDE2A00850332 /* MeasurementsUITests.swift in Sources */,
				8D091225290CDE2A00850332 /* MeasurementsUITestsLaunchTests.swift in Sources */,
			);
			runOnlyForDeploymentPostprocessing = 0;
		};
/* End PBXSourcesBuildPhase section */

/* Begin PBXTargetDependency section */
		8D091216290CDE2A00850332 /* PBXTargetDependency */ = {
			isa = PBXTargetDependency;
			target = 8D0911FD290CDE2800850332 /* Measurements */;
			targetProxy = 8D091215290CDE2A00850332 /* PBXContainerItemProxy */;
		};
		8D091220290CDE2A00850332 /* PBXTargetDependency */ = {
			isa = PBXTargetDependency;
			target = 8D0911FD290CDE2800850332 /* Measurements */;
			targetProxy = 8D09121F290CDE2A00850332 /* PBXContainerItemProxy */;
		};
/* End PBXTargetDependency section */

/* Begin XCBuildConfiguration section */
		8D091226290CDE2A00850332 /* Debug */ = {
			isa = XCBuildConfiguration;
			buildSettings = {
				ALWAYS_SEARCH_USER_PATHS = NO;
				CLANG_ANALYZER_NONNULL = YES;
				CLANG_ANALYZER_NUMBER_OBJECT_CONVERSION = YES_AGGRESSIVE;
				CLANG_CXX_LANGUAGE_STANDARD = "gnu++20";
				CLANG_ENABLE_MODULES = YES;
				CLANG_ENABLE_OBJC_ARC = YES;
				CLANG_ENABLE_OBJC_WEAK = YES;
				CLANG_WARN_BLOCK_CAPTURE_AUTORELEASING = YES;
				CLANG_WARN_BOOL_CONVERSION = YES;
				CLANG_WARN_COMMA = YES;
				CLANG_WARN_CONSTANT_CONVERSION = YES;
				CLANG_WARN_DEPRECATED_OBJC_IMPLEMENTATIONS = YES;
				CLANG_WARN_DIRECT_OBJC_ISA_USAGE = YES_ERROR;
				CLANG_WARN_DOCUMENTATION_COMMENTS = YES;
				CLANG_WARN_EMPTY_BODY = YES;
				CLANG_WARN_ENUM_CONVERSION = YES;
				CLANG_WARN_INFINITE_RECURSION = YES;
				CLANG_WARN_INT_CONVERSION = YES;
				CLANG_WARN_NON_LITERAL_NULL_CONVERSION = YES;
				CLANG_WARN_OBJC_IMPLICIT_RETAIN_SELF = YES;
				CLANG_WARN_OBJC_LITERAL_CONVERSION = YES;
				CLANG_WARN_OBJC_ROOT_CLASS = YES_ERROR;
				CLANG_WARN_QUOTED_INCLUDE_IN_FRAMEWORK_HEADER = YES;
				CLANG_WARN_RANGE_LOOP_ANALYSIS = YES;
				CLANG_WARN_STRICT_PROTOTYPES = YES;
				CLANG_WARN_SUSPICIOUS_MOVE = YES;
				CLANG_WARN_UNGUARDED_AVAILABILITY = YES_AGGRESSIVE;
				CLANG_WARN_UNREACHABLE_CODE = YES;
				CLANG_WARN__DUPLICATE_METHOD_MATCH = YES;
				COPY_PHASE_STRIP = NO;
				DEBUG_INFORMATION_FORMAT = dwarf;
				ENABLE_STRICT_OBJC_MSGSEND = YES;
				ENABLE_TESTABILITY = YES;
				GCC_C_LANGUAGE_STANDARD = gnu11;
				GCC_DYNAMIC_NO_PIC = NO;
				GCC_NO_COMMON_BLOCKS = YES;
				GCC_OPTIMIZATION_LEVEL = 0;
				GCC_PREPROCESSOR_DEFINITIONS = (
					"DEBUG=1",
					"$(inherited)",
				);
				GCC_WARN_64_TO_32_BIT_CONVERSION = YES;
				GCC_WARN_ABOUT_RETURN_TYPE = YES_ERROR;
				GCC_WARN_UNDECLARED_SELECTOR = YES;
				GCC_WARN_UNINITIALIZED_AUTOS = YES_AGGRESSIVE;
				GCC_WARN_UNUSED_FUNCTION = YES;
				GCC_WARN_UNUSED_VARIABLE = YES;
				IPHONEOS_DEPLOYMENT_TARGET = 16.0;
				MTL_ENABLE_DEBUG_INFO = INCLUDE_SOURCE;
				MTL_FAST_MATH = YES;
				ONLY_ACTIVE_ARCH = YES;
				SDKROOT = iphoneos;
				SWIFT_ACTIVE_COMPILATION_CONDITIONS = DEBUG;
				SWIFT_OPTIMIZATION_LEVEL = "-Onone";
			};
			name = Debug;
		};
		8D091227290CDE2A00850332 /* Release */ = {
			isa = XCBuildConfiguration;
			buildSettings = {
				ALWAYS_SEARCH_USER_PATHS = NO;
				CLANG_ANALYZER_NONNULL = YES;
				CLANG_ANALYZER_NUMBER_OBJECT_CONVERSION = YES_AGGRESSIVE;
				CLANG_CXX_LANGUAGE_STANDARD = "gnu++20";
				CLANG_ENABLE_MODULES = YES;
				CLANG_ENABLE_OBJC_ARC = YES;
				CLANG_ENABLE_OBJC_WEAK = YES;
				CLANG_WARN_BLOCK_CAPTURE_AUTORELEASING = YES;
				CLANG_WARN_BOOL_CONVERSION = YES;
				CLANG_WARN_COMMA = YES;
				CLANG_WARN_CONSTANT_CONVERSION = YES;
				CLANG_WARN_DEPRECATED_OBJC_IMPLEMENTATIONS = YES;
				CLANG_WARN_DIRECT_OBJC_ISA_USAGE = YES_ERROR;
				CLANG_WARN_DOCUMENTATION_COMMENTS = YES;
				CLANG_WARN_EMPTY_BODY = YES;
				CLANG_WARN_ENUM_CONVERSION = YES;
				CLANG_WARN_INFINITE_RECURSION = YES;
				CLANG_WARN_INT_CONVERSION = YES;
				CLANG_WARN_NON_LITERAL_NULL_CONVERSION = YES;
				CLANG_WARN_OBJC_IMPLICIT_RETAIN_SELF = YES;
				CLANG_WARN_OBJC_LITERAL_CONVERSION = YES;
				CLANG_WARN_OBJC_ROOT_CLASS = YES_ERROR;
				CLANG_WARN_QUOTED_INCLUDE_IN_FRAMEWORK_HEADER = YES;
				CLANG_WARN_RANGE_LOOP_ANALYSIS = YES;
				CLANG_WARN_STRICT_PROTOTYPES = YES;
				CLANG_WARN_SUSPICIOUS_MOVE = YES;
				CLANG_WARN_UNGUARDED_AVAILABILITY = YES_AGGRESSIVE;
				CLANG_WARN_UNREACHABLE_CODE = YES;
				CLANG_WARN__DUPLICATE_METHOD_MATCH = YES;
				COPY_PHASE_STRIP = NO;
				DEBUG_INFORMATION_FORMAT = "dwarf-with-dsym";
				ENABLE_NS_ASSERTIONS = NO;
				ENABLE_STRICT_OBJC_MSGSEND = YES;
				GCC_C_LANGUAGE_STANDARD = gnu11;
				GCC_NO_COMMON_BLOCKS = YES;
				GCC_WARN_64_TO_32_BIT_CONVERSION = YES;
				GCC_WARN_ABOUT_RETURN_TYPE = YES_ERROR;
				GCC_WARN_UNDECLARED_SELECTOR = YES;
				GCC_WARN_UNINITIALIZED_AUTOS = YES_AGGRESSIVE;
				GCC_WARN_UNUSED_FUNCTION = YES;
				GCC_WARN_UNUSED_VARIABLE = YES;
				IPHONEOS_DEPLOYMENT_TARGET = 16.0;
				MTL_ENABLE_DEBUG_INFO = NO;
				MTL_FAST_MATH = YES;
				SDKROOT = iphoneos;
				SWIFT_COMPILATION_MODE = wholemodule;
				SWIFT_OPTIMIZATION_LEVEL = "-O";
				VALIDATE_PRODUCT = YES;
			};
			name = Release;
		};
		8D091229290CDE2A00850332 /* Debug */ = {
			isa = XCBuildConfiguration;
			buildSettings = {
				ASSETCATALOG_COMPILER_APPICON_NAME = AppIcon;
				ASSETCATALOG_COMPILER_GLOBAL_ACCENT_COLOR_NAME = AccentColor;
				CODE_SIGN_STYLE = Automatic;
				CURRENT_PROJECT_VERSION = 1;
				DEVELOPMENT_ASSET_PATHS = "\"Measurements/Preview Content\"";
				DEVELOPMENT_TEAM = ZX48W28YVE;
				ENABLE_PREVIEWS = YES;
				GENERATE_INFOPLIST_FILE = YES;
				INFOPLIST_KEY_UIApplicationSceneManifest_Generation = YES;
				INFOPLIST_KEY_UIApplicationSupportsIndirectInputEvents = YES;
				INFOPLIST_KEY_UILaunchScreen_Generation = YES;
				INFOPLIST_KEY_UISupportedInterfaceOrientations_iPad = "UIInterfaceOrientationPortrait UIInterfaceOrientationPortraitUpsideDown UIInterfaceOrientationLandscapeLeft UIInterfaceOrientationLandscapeRight";
				INFOPLIST_KEY_UISupportedInterfaceOrientations_iPhone = "UIInterfaceOrientationPortrait UIInterfaceOrientationLandscapeLeft UIInterfaceOrientationLandscapeRight";
				LD_RUNPATH_SEARCH_PATHS = (
					"$(inherited)",
					"@executable_path/Frameworks",
				);
				MARKETING_VERSION = 1.0;
				PRODUCT_BUNDLE_IDENTIFIER = studio.zef.Measurements;
				PRODUCT_NAME = "$(TARGET_NAME)";
				SWIFT_EMIT_LOC_STRINGS = YES;
				SWIFT_VERSION = 5.0;
				TARGETED_DEVICE_FAMILY = "1,2";
			};
			name = Debug;
		};
		8D09122A290CDE2A00850332 /* Release */ = {
			isa = XCBuildConfiguration;
			buildSettings = {
				ASSETCATALOG_COMPILER_APPICON_NAME = AppIcon;
				ASSETCATALOG_COMPILER_GLOBAL_ACCENT_COLOR_NAME = AccentColor;
				CODE_SIGN_STYLE = Automatic;
				CURRENT_PROJECT_VERSION = 1;
				DEVELOPMENT_ASSET_PATHS = "\"Measurements/Preview Content\"";
				DEVELOPMENT_TEAM = ZX48W28YVE;
				ENABLE_PREVIEWS = YES;
				GENERATE_INFOPLIST_FILE = YES;
				INFOPLIST_KEY_UIApplicationSceneManifest_Generation = YES;
				INFOPLIST_KEY_UIApplicationSupportsIndirectInputEvents = YES;
				INFOPLIST_KEY_UILaunchScreen_Generation = YES;
				INFOPLIST_KEY_UISupportedInterfaceOrientations_iPad = "UIInterfaceOrientationPortrait UIInterfaceOrientationPortraitUpsideDown UIInterfaceOrientationLandscapeLeft UIInterfaceOrientationLandscapeRight";
				INFOPLIST_KEY_UISupportedInterfaceOrientations_iPhone = "UIInterfaceOrientationPortrait UIInterfaceOrientationLandscapeLeft UIInterfaceOrientationLandscapeRight";
				LD_RUNPATH_SEARCH_PATHS = (
					"$(inherited)",
					"@executable_path/Frameworks",
				);
				MARKETING_VERSION = 1.0;
				PRODUCT_BUNDLE_IDENTIFIER = studio.zef.Measurements;
				PRODUCT_NAME = "$(TARGET_NAME)";
				SWIFT_EMIT_LOC_STRINGS = YES;
				SWIFT_VERSION = 5.0;
				TARGETED_DEVICE_FAMILY = "1,2";
			};
			name = Release;
		};
		8D09122C290CDE2A00850332 /* Debug */ = {
			isa = XCBuildConfiguration;
			buildSettings = {
				ALWAYS_EMBED_SWIFT_STANDARD_LIBRARIES = YES;
				BUNDLE_LOADER = "$(TEST_HOST)";
				CODE_SIGN_STYLE = Automatic;
				CURRENT_PROJECT_VERSION = 1;
				DEVELOPMENT_TEAM = KGXARQ9UAS;
				GENERATE_INFOPLIST_FILE = YES;
				IPHONEOS_DEPLOYMENT_TARGET = 16.0;
				MARKETING_VERSION = 1.0;
				PRODUCT_BUNDLE_IDENTIFIER = studio.zef.MeasurementsTests;
				PRODUCT_NAME = "$(TARGET_NAME)";
				SWIFT_EMIT_LOC_STRINGS = NO;
				SWIFT_VERSION = 5.0;
				TARGETED_DEVICE_FAMILY = "1,2";
				TEST_HOST = "$(BUILT_PRODUCTS_DIR)/Measurements.app/$(BUNDLE_EXECUTABLE_FOLDER_PATH)/Measurements";
			};
			name = Debug;
		};
		8D09122D290CDE2A00850332 /* Release */ = {
			isa = XCBuildConfiguration;
			buildSettings = {
				ALWAYS_EMBED_SWIFT_STANDARD_LIBRARIES = YES;
				BUNDLE_LOADER = "$(TEST_HOST)";
				CODE_SIGN_STYLE = Automatic;
				CURRENT_PROJECT_VERSION = 1;
				DEVELOPMENT_TEAM = KGXARQ9UAS;
				GENERATE_INFOPLIST_FILE = YES;
				IPHONEOS_DEPLOYMENT_TARGET = 16.0;
				MARKETING_VERSION = 1.0;
				PRODUCT_BUNDLE_IDENTIFIER = studio.zef.MeasurementsTests;
				PRODUCT_NAME = "$(TARGET_NAME)";
				SWIFT_EMIT_LOC_STRINGS = NO;
				SWIFT_VERSION = 5.0;
				TARGETED_DEVICE_FAMILY = "1,2";
				TEST_HOST = "$(BUILT_PRODUCTS_DIR)/Measurements.app/$(BUNDLE_EXECUTABLE_FOLDER_PATH)/Measurements";
			};
			name = Release;
		};
		8D09122F290CDE2A00850332 /* Debug */ = {
			isa = XCBuildConfiguration;
			buildSettings = {
				ALWAYS_EMBED_SWIFT_STANDARD_LIBRARIES = YES;
				CODE_SIGN_STYLE = Automatic;
				CURRENT_PROJECT_VERSION = 1;
				DEVELOPMENT_TEAM = KGXARQ9UAS;
				GENERATE_INFOPLIST_FILE = YES;
				MARKETING_VERSION = 1.0;
				PRODUCT_BUNDLE_IDENTIFIER = studio.zef.MeasurementsUITests;
				PRODUCT_NAME = "$(TARGET_NAME)";
				SWIFT_EMIT_LOC_STRINGS = NO;
				SWIFT_VERSION = 5.0;
				TARGETED_DEVICE_FAMILY = "1,2";
				TEST_TARGET_NAME = Measurements;
			};
			name = Debug;
		};
		8D091230290CDE2A00850332 /* Release */ = {
			isa = XCBuildConfiguration;
			buildSettings = {
				ALWAYS_EMBED_SWIFT_STANDARD_LIBRARIES = YES;
				CODE_SIGN_STYLE = Automatic;
				CURRENT_PROJECT_VERSION = 1;
				DEVELOPMENT_TEAM = KGXARQ9UAS;
				GENERATE_INFOPLIST_FILE = YES;
				MARKETING_VERSION = 1.0;
				PRODUCT_BUNDLE_IDENTIFIER = studio.zef.MeasurementsUITests;
				PRODUCT_NAME = "$(TARGET_NAME)";
				SWIFT_EMIT_LOC_STRINGS = NO;
				SWIFT_VERSION = 5.0;
				TARGETED_DEVICE_FAMILY = "1,2";
				TEST_TARGET_NAME = Measurements;
			};
			name = Release;
		};
/* End XCBuildConfiguration section */

/* Begin XCConfigurationList section */
		8D0911F9290CDE2800850332 /* Build configuration list for PBXProject "Measurements" */ = {
			isa = XCConfigurationList;
			buildConfigurations = (
				8D091226290CDE2A00850332 /* Debug */,
				8D091227290CDE2A00850332 /* Release */,
			);
			defaultConfigurationIsVisible = 0;
			defaultConfigurationName = Release;
		};
		8D091228290CDE2A00850332 /* Build configuration list for PBXNativeTarget "Measurements" */ = {
			isa = XCConfigurationList;
			buildConfigurations = (
				8D091229290CDE2A00850332 /* Debug */,
				8D09122A290CDE2A00850332 /* Release */,
			);
			defaultConfigurationIsVisible = 0;
			defaultConfigurationName = Release;
		};
		8D09122B290CDE2A00850332 /* Build configuration list for PBXNativeTarget "MeasurementsTests" */ = {
			isa = XCConfigurationList;
			buildConfigurations = (
				8D09122C290CDE2A00850332 /* Debug */,
				8D09122D290CDE2A00850332 /* Release */,
			);
			defaultConfigurationIsVisible = 0;
			defaultConfigurationName = Release;
		};
		8D09122E290CDE2A00850332 /* Build configuration list for PBXNativeTarget "MeasurementsUITests" */ = {
			isa = XCConfigurationList;
			buildConfigurations = (
				8D09122F290CDE2A00850332 /* Debug */,
				8D091230290CDE2A00850332 /* Release */,
			);
			defaultConfigurationIsVisible = 0;
			defaultConfigurationName = Release;
		};
/* End XCConfigurationList section */

/* Begin XCVersionGroup section */
		8D09120C290CDE2900850332 /* Measurements.xcdatamodeld */ = {
			isa = XCVersionGroup;
			children = (
				8D09120D290CDE2900850332 /* Measurements.xcdatamodel */,
			);
			currentVersion = 8D09120D290CDE2900850332 /* Measurements.xcdatamodel */;
			path = Measurements.xcdatamodeld;
			sourceTree = "<group>";
			versionGroupType = wrapper.xcdatamodel;
		};
/* End XCVersionGroup section */
	};
	rootObject = 8D0911F6290CDE2800850332 /* Project object */;
}
